// !$*UTF8*$!
{
	archiveVersion = 1;
	classes = {
	};
	objectVersion = 50;
	objects = {

/* Begin PBXBuildFile section */
		8A50522B24B5AEAD00C75D3D /* GitView.swift in Sources */ = {isa = PBXBuildFile; fileRef = 8A50522A24B5AEAD00C75D3D /* GitView.swift */; };
		8A52BCB524B2AE2300F3AAAD /* RepoView.swift in Sources */ = {isa = PBXBuildFile; fileRef = 8A52BCB424B2AE2300F3AAAD /* RepoView.swift */; };
		8A52BCB924B2B9C900F3AAAD /* BranchView.swift in Sources */ = {isa = PBXBuildFile; fileRef = 8A52BCB824B2B9C900F3AAAD /* BranchView.swift */; };
		8A52BCC424B2F4EB00F3AAAD /* ErrorView.swift in Sources */ = {isa = PBXBuildFile; fileRef = 8A52BCC324B2F4EB00F3AAAD /* ErrorView.swift */; };
		8A52BCC624B2F62B00F3AAAD /* TitleView.swift in Sources */ = {isa = PBXBuildFile; fileRef = 8A52BCC524B2F62B00F3AAAD /* TitleView.swift */; };
		8A52BCC824B2F97B00F3AAAD /* CommitView.swift in Sources */ = {isa = PBXBuildFile; fileRef = 8A52BCC724B2F97B00F3AAAD /* CommitView.swift */; };
		8A52BCCA24B2FCE600F3AAAD /* TreeView.swift in Sources */ = {isa = PBXBuildFile; fileRef = 8A52BCC924B2FCE600F3AAAD /* TreeView.swift */; };
		8A52BCCC24B2FED800F3AAAD /* EntryView.swift in Sources */ = {isa = PBXBuildFile; fileRef = 8A52BCCB24B2FED800F3AAAD /* EntryView.swift */; };
		8A52BCCE24B3036A00F3AAAD /* BlobView.swift in Sources */ = {isa = PBXBuildFile; fileRef = 8A52BCCD24B3036A00F3AAAD /* BlobView.swift */; };
		8A63F6F024ADB3F600BCB8EB /* SwiftGit2.framework in Frameworks */ = {isa = PBXBuildFile; fileRef = 8A63F6E024ADB3A700BCB8EB /* SwiftGit2.framework */; };
		8A63F6F224ADB84500BCB8EB /* SwiftGit2.framework in CopyFiles */ = {isa = PBXBuildFile; fileRef = 8A63F6E024ADB3A700BCB8EB /* SwiftGit2.framework */; settings = {ATTRIBUTES = (CodeSignOnCopy, RemoveHeadersOnCopy, ); }; };
		8AD9729A2496A895000A28BA /* AppDelegate.swift in Sources */ = {isa = PBXBuildFile; fileRef = 8AD972992496A895000A28BA /* AppDelegate.swift */; };
		8AD9729C2496A895000A28BA /* ContentView.swift in Sources */ = {isa = PBXBuildFile; fileRef = 8AD9729B2496A895000A28BA /* ContentView.swift */; };
		8AD9729F2496A895000A28BA /* Scour.xcdatamodeld in Sources */ = {isa = PBXBuildFile; fileRef = 8AD9729D2496A895000A28BA /* Scour.xcdatamodeld */; };
		8AD972A12496A897000A28BA /* Assets.xcassets in Resources */ = {isa = PBXBuildFile; fileRef = 8AD972A02496A897000A28BA /* Assets.xcassets */; };
		8AD972A42496A897000A28BA /* Preview Assets.xcassets in Resources */ = {isa = PBXBuildFile; fileRef = 8AD972A32496A897000A28BA /* Preview Assets.xcassets */; };
		8AD972A72496A897000A28BA /* Main.storyboard in Resources */ = {isa = PBXBuildFile; fileRef = 8AD972A52496A897000A28BA /* Main.storyboard */; };
/* End PBXBuildFile section */

/* Begin PBXContainerItemProxy section */
		8A63F6DF24ADB3A700BCB8EB /* PBXContainerItemProxy */ = {
			isa = PBXContainerItemProxy;
			containerPortal = 8A63F6D324ADB3A700BCB8EB /* SwiftGit2.xcodeproj */;
			proxyType = 2;
			remoteGlobalIDString = BEB31F231A0D6F7A00F525B9;
			remoteInfo = "SwiftGit2-OSX";
		};
		8A63F6E124ADB3A700BCB8EB /* PBXContainerItemProxy */ = {
			isa = PBXContainerItemProxy;
			containerPortal = 8A63F6D324ADB3A700BCB8EB /* SwiftGit2.xcodeproj */;
			proxyType = 2;
			remoteGlobalIDString = BEB31F2E1A0D6F7A00F525B9;
			remoteInfo = "SwiftGit2-OSXTests";
		};
		8A63F6E324ADB3A700BCB8EB /* PBXContainerItemProxy */ = {
			isa = PBXContainerItemProxy;
			containerPortal = 8A63F6D324ADB3A700BCB8EB /* SwiftGit2.xcodeproj */;
			proxyType = 2;
			remoteGlobalIDString = 621E66B41C72958800A0F352;
			remoteInfo = "SwiftGit2-iOS";
		};
		8A63F6E524ADB3A700BCB8EB /* PBXContainerItemProxy */ = {
			isa = PBXContainerItemProxy;
			containerPortal = 8A63F6D324ADB3A700BCB8EB /* SwiftGit2.xcodeproj */;
			proxyType = 2;
			remoteGlobalIDString = 621E66CE1C72958D00A0F352;
			remoteInfo = "SwiftGit2-iOSTests";
		};
		8A63F6E724ADB3A700BCB8EB /* PBXContainerItemProxy */ = {
			isa = PBXContainerItemProxy;
			containerPortal = 8A63F6D324ADB3A700BCB8EB /* SwiftGit2.xcodeproj */;
			proxyType = 2;
			remoteGlobalIDString = BEB31F8F1A0E563900F525B9;
			remoteInfo = "libgit2-OSX";
		};
		8A63F6E924ADB3A700BCB8EB /* PBXContainerItemProxy */ = {
			isa = PBXContainerItemProxy;
			containerPortal = 8A63F6D324ADB3A700BCB8EB /* SwiftGit2.xcodeproj */;
			proxyType = 2;
			remoteGlobalIDString = 621E66E11C729CE500A0F352;
			remoteInfo = "libgit2-iOS";
		};
		8A63F6EB24ADB3A700BCB8EB /* PBXContainerItemProxy */ = {
			isa = PBXContainerItemProxy;
			containerPortal = 8A63F6D324ADB3A700BCB8EB /* SwiftGit2.xcodeproj */;
			proxyType = 2;
			remoteGlobalIDString = 621E66EC1C729EB800A0F352;
			remoteInfo = "OpenSSL-iOS";
		};
		8A63F6ED24ADB3A700BCB8EB /* PBXContainerItemProxy */ = {
			isa = PBXContainerItemProxy;
			containerPortal = 8A63F6D324ADB3A700BCB8EB /* SwiftGit2.xcodeproj */;
			proxyType = 2;
			remoteGlobalIDString = 621E66F21C729EBB00A0F352;
			remoteInfo = "libssh2-iOS";
		};
/* End PBXContainerItemProxy section */

/* Begin PBXCopyFilesBuildPhase section */
		8A63F6F124ADB82C00BCB8EB /* CopyFiles */ = {
			isa = PBXCopyFilesBuildPhase;
			buildActionMask = 2147483647;
			dstPath = "";
			dstSubfolderSpec = 10;
			files = (
				8A63F6F224ADB84500BCB8EB /* SwiftGit2.framework in CopyFiles */,
			);
			runOnlyForDeploymentPostprocessing = 0;
		};
/* End PBXCopyFilesBuildPhase section */

/* Begin PBXFileReference section */
		8A50522A24B5AEAD00C75D3D /* GitView.swift */ = {isa = PBXFileReference; lastKnownFileType = sourcecode.swift; path = GitView.swift; sourceTree = "<group>"; };
		8A52BCB424B2AE2300F3AAAD /* RepoView.swift */ = {isa = PBXFileReference; lastKnownFileType = sourcecode.swift; path = RepoView.swift; sourceTree = "<group>"; };
		8A52BCB824B2B9C900F3AAAD /* BranchView.swift */ = {isa = PBXFileReference; lastKnownFileType = sourcecode.swift; path = BranchView.swift; sourceTree = "<group>"; };
		8A52BCC324B2F4EB00F3AAAD /* ErrorView.swift */ = {isa = PBXFileReference; lastKnownFileType = sourcecode.swift; path = ErrorView.swift; sourceTree = "<group>"; };
		8A52BCC524B2F62B00F3AAAD /* TitleView.swift */ = {isa = PBXFileReference; lastKnownFileType = sourcecode.swift; path = TitleView.swift; sourceTree = "<group>"; };
		8A52BCC724B2F97B00F3AAAD /* CommitView.swift */ = {isa = PBXFileReference; lastKnownFileType = sourcecode.swift; path = CommitView.swift; sourceTree = "<group>"; };
		8A52BCC924B2FCE600F3AAAD /* TreeView.swift */ = {isa = PBXFileReference; lastKnownFileType = sourcecode.swift; path = TreeView.swift; sourceTree = "<group>"; };
		8A52BCCB24B2FED800F3AAAD /* EntryView.swift */ = {isa = PBXFileReference; lastKnownFileType = sourcecode.swift; path = EntryView.swift; sourceTree = "<group>"; };
		8A52BCCD24B3036A00F3AAAD /* BlobView.swift */ = {isa = PBXFileReference; lastKnownFileType = sourcecode.swift; path = BlobView.swift; sourceTree = "<group>"; };
		8A63F6D324ADB3A700BCB8EB /* SwiftGit2.xcodeproj */ = {isa = PBXFileReference; lastKnownFileType = "wrapper.pb-project"; name = SwiftGit2.xcodeproj; path = SwiftGit2/SwiftGit2.xcodeproj; sourceTree = "<group>"; };
		8AD972962496A895000A28BA /* Scour.app */ = {isa = PBXFileReference; explicitFileType = wrapper.application; includeInIndex = 0; path = Scour.app; sourceTree = BUILT_PRODUCTS_DIR; };
		8AD972992496A895000A28BA /* AppDelegate.swift */ = {isa = PBXFileReference; lastKnownFileType = sourcecode.swift; path = AppDelegate.swift; sourceTree = "<group>"; };
		8AD9729B2496A895000A28BA /* ContentView.swift */ = {isa = PBXFileReference; lastKnownFileType = sourcecode.swift; path = ContentView.swift; sourceTree = "<group>"; };
		8AD9729E2496A895000A28BA /* Scour.xcdatamodel */ = {isa = PBXFileReference; lastKnownFileType = wrapper.xcdatamodel; path = Scour.xcdatamodel; sourceTree = "<group>"; };
		8AD972A02496A897000A28BA /* Assets.xcassets */ = {isa = PBXFileReference; lastKnownFileType = folder.assetcatalog; path = Assets.xcassets; sourceTree = "<group>"; };
		8AD972A32496A897000A28BA /* Preview Assets.xcassets */ = {isa = PBXFileReference; lastKnownFileType = folder.assetcatalog; path = "Preview Assets.xcassets"; sourceTree = "<group>"; };
		8AD972A62496A897000A28BA /* Base */ = {isa = PBXFileReference; lastKnownFileType = file.storyboard; name = Base; path = Base.lproj/Main.storyboard; sourceTree = "<group>"; };
		8AD972A82496A897000A28BA /* Info.plist */ = {isa = PBXFileReference; lastKnownFileType = text.plist.xml; path = Info.plist; sourceTree = "<group>"; };
		8AD972A92496A897000A28BA /* Scour.entitlements */ = {isa = PBXFileReference; lastKnownFileType = text.plist.entitlements; path = Scour.entitlements; sourceTree = "<group>"; };
/* End PBXFileReference section */

/* Begin PBXFrameworksBuildPhase section */
		8AD972932496A895000A28BA /* Frameworks */ = {
			isa = PBXFrameworksBuildPhase;
			buildActionMask = 2147483647;
			files = (
				8A63F6F024ADB3F600BCB8EB /* SwiftGit2.framework in Frameworks */,
			);
			runOnlyForDeploymentPostprocessing = 0;
		};
/* End PBXFrameworksBuildPhase section */

/* Begin PBXGroup section */
		8A52BCB324B2ADE500F3AAAD /* Views */ = {
			isa = PBXGroup;
			children = (
				8A52BCB424B2AE2300F3AAAD /* RepoView.swift */,
				8A50522A24B5AEAD00C75D3D /* GitView.swift */,
				8A52BCC324B2F4EB00F3AAAD /* ErrorView.swift */,
				8A52BCC524B2F62B00F3AAAD /* TitleView.swift */,
				8A52BCB824B2B9C900F3AAAD /* BranchView.swift */,
				8A52BCC924B2FCE600F3AAAD /* TreeView.swift */,
				8A52BCCB24B2FED800F3AAAD /* EntryView.swift */,
				8A52BCCD24B3036A00F3AAAD /* BlobView.swift */,
				8A52BCC724B2F97B00F3AAAD /* CommitView.swift */,
			);
			path = Views;
			sourceTree = "<group>";
		};
		8A63F6D424ADB3A700BCB8EB /* Products */ = {
			isa = PBXGroup;
			children = (
				8A63F6E024ADB3A700BCB8EB /* SwiftGit2.framework */,
				8A63F6E224ADB3A700BCB8EB /* SwiftGit2-OSXTests.xctest */,
				8A63F6E424ADB3A700BCB8EB /* SwiftGit2.framework */,
				8A63F6E624ADB3A700BCB8EB /* SwiftGit2-iOSTests.xctest */,
				8A63F6E824ADB3A700BCB8EB /* libgit2.a */,
				8A63F6EA24ADB3A700BCB8EB /* libgit2.a */,
				8A63F6EC24ADB3A700BCB8EB /* libssl.a */,
				8A63F6EE24ADB3A700BCB8EB /* libssh2.a */,
			);
			name = Products;
			sourceTree = "<group>";
		};
		8A63F6EF24ADB3F600BCB8EB /* Frameworks */ = {
			isa = PBXGroup;
			children = (
			);
			name = Frameworks;
			sourceTree = "<group>";
		};
		8AD9728D2496A895000A28BA = {
			isa = PBXGroup;
			children = (
				8AD972982496A895000A28BA /* Scour */,
				8AD972972496A895000A28BA /* Products */,
				8A63F6D324ADB3A700BCB8EB /* SwiftGit2.xcodeproj */,
				8A63F6EF24ADB3F600BCB8EB /* Frameworks */,
			);
			sourceTree = "<group>";
		};
		8AD972972496A895000A28BA /* Products */ = {
			isa = PBXGroup;
			children = (
				8AD972962496A895000A28BA /* Scour.app */,
			);
			name = Products;
			sourceTree = "<group>";
		};
		8AD972982496A895000A28BA /* Scour */ = {
			isa = PBXGroup;
			children = (
				8AD972992496A895000A28BA /* AppDelegate.swift */,
				8AD9729B2496A895000A28BA /* ContentView.swift */,
				8A52BCB324B2ADE500F3AAAD /* Views */,
				8AD972A02496A897000A28BA /* Assets.xcassets */,
				8AD972A52496A897000A28BA /* Main.storyboard */,
				8AD972A82496A897000A28BA /* Info.plist */,
				8AD972A92496A897000A28BA /* Scour.entitlements */,
				8AD9729D2496A895000A28BA /* Scour.xcdatamodeld */,
				8AD972A22496A897000A28BA /* Preview Content */,
			);
			path = Scour;
			sourceTree = "<group>";
		};
		8AD972A22496A897000A28BA /* Preview Content */ = {
			isa = PBXGroup;
			children = (
				8AD972A32496A897000A28BA /* Preview Assets.xcassets */,
			);
			path = "Preview Content";
			sourceTree = "<group>";
		};
/* End PBXGroup section */

/* Begin PBXNativeTarget section */
		8AD972952496A895000A28BA /* Scour */ = {
			isa = PBXNativeTarget;
			buildConfigurationList = 8AD972AC2496A897000A28BA /* Build configuration list for PBXNativeTarget "Scour" */;
			buildPhases = (
				8AD972922496A895000A28BA /* Sources */,
				8AD972932496A895000A28BA /* Frameworks */,
				8AD972942496A895000A28BA /* Resources */,
				8A63F6F124ADB82C00BCB8EB /* CopyFiles */,
			);
			buildRules = (
			);
			dependencies = (
			);
			name = Scour;
			productName = Scour;
			productReference = 8AD972962496A895000A28BA /* Scour.app */;
			productType = "com.apple.product-type.application";
		};
/* End PBXNativeTarget section */

/* Begin PBXProject section */
		8AD9728E2496A895000A28BA /* Project object */ = {
			isa = PBXProject;
			attributes = {
				LastSwiftUpdateCheck = 1150;
				LastUpgradeCheck = 1150;
				ORGANIZATIONNAME = "Paul Thrasher";
				TargetAttributes = {
					8AD972952496A895000A28BA = {
						CreatedOnToolsVersion = 11.5;
					};
				};
			};
			buildConfigurationList = 8AD972912496A895000A28BA /* Build configuration list for PBXProject "Scour" */;
			compatibilityVersion = "Xcode 9.3";
			developmentRegion = en;
			hasScannedForEncodings = 0;
			knownRegions = (
				en,
				Base,
			);
			mainGroup = 8AD9728D2496A895000A28BA;
			productRefGroup = 8AD972972496A895000A28BA /* Products */;
			projectDirPath = "";
			projectReferences = (
				{
					ProductGroup = 8A63F6D424ADB3A700BCB8EB /* Products */;
					ProjectRef = 8A63F6D324ADB3A700BCB8EB /* SwiftGit2.xcodeproj */;
				},
			);
			projectRoot = "";
			targets = (
				8AD972952496A895000A28BA /* Scour */,
			);
		};
/* End PBXProject section */

/* Begin PBXReferenceProxy section */
		8A63F6E024ADB3A700BCB8EB /* SwiftGit2.framework */ = {
			isa = PBXReferenceProxy;
			fileType = wrapper.framework;
			path = SwiftGit2.framework;
			remoteRef = 8A63F6DF24ADB3A700BCB8EB /* PBXContainerItemProxy */;
			sourceTree = BUILT_PRODUCTS_DIR;
		};
		8A63F6E224ADB3A700BCB8EB /* SwiftGit2-OSXTests.xctest */ = {
			isa = PBXReferenceProxy;
			fileType = wrapper.cfbundle;
			path = "SwiftGit2-OSXTests.xctest";
			remoteRef = 8A63F6E124ADB3A700BCB8EB /* PBXContainerItemProxy */;
			sourceTree = BUILT_PRODUCTS_DIR;
		};
		8A63F6E424ADB3A700BCB8EB /* SwiftGit2.framework */ = {
			isa = PBXReferenceProxy;
			fileType = wrapper.framework;
			path = SwiftGit2.framework;
			remoteRef = 8A63F6E324ADB3A700BCB8EB /* PBXContainerItemProxy */;
			sourceTree = BUILT_PRODUCTS_DIR;
		};
		8A63F6E624ADB3A700BCB8EB /* SwiftGit2-iOSTests.xctest */ = {
			isa = PBXReferenceProxy;
			fileType = wrapper.cfbundle;
			path = "SwiftGit2-iOSTests.xctest";
			remoteRef = 8A63F6E524ADB3A700BCB8EB /* PBXContainerItemProxy */;
			sourceTree = BUILT_PRODUCTS_DIR;
		};
		8A63F6E824ADB3A700BCB8EB /* libgit2.a */ = {
			isa = PBXReferenceProxy;
			fileType = archive.ar;
			path = libgit2.a;
			remoteRef = 8A63F6E724ADB3A700BCB8EB /* PBXContainerItemProxy */;
			sourceTree = BUILT_PRODUCTS_DIR;
		};
		8A63F6EA24ADB3A700BCB8EB /* libgit2.a */ = {
			isa = PBXReferenceProxy;
			fileType = archive.ar;
			path = libgit2.a;
			remoteRef = 8A63F6E924ADB3A700BCB8EB /* PBXContainerItemProxy */;
			sourceTree = BUILT_PRODUCTS_DIR;
		};
		8A63F6EC24ADB3A700BCB8EB /* libssl.a */ = {
			isa = PBXReferenceProxy;
			fileType = archive.ar;
			path = libssl.a;
			remoteRef = 8A63F6EB24ADB3A700BCB8EB /* PBXContainerItemProxy */;
			sourceTree = BUILT_PRODUCTS_DIR;
		};
		8A63F6EE24ADB3A700BCB8EB /* libssh2.a */ = {
			isa = PBXReferenceProxy;
			fileType = archive.ar;
			path = libssh2.a;
			remoteRef = 8A63F6ED24ADB3A700BCB8EB /* PBXContainerItemProxy */;
			sourceTree = BUILT_PRODUCTS_DIR;
		};
/* End PBXReferenceProxy section */

/* Begin PBXResourcesBuildPhase section */
		8AD972942496A895000A28BA /* Resources */ = {
			isa = PBXResourcesBuildPhase;
			buildActionMask = 2147483647;
			files = (
				8AD972A72496A897000A28BA /* Main.storyboard in Resources */,
				8AD972A42496A897000A28BA /* Preview Assets.xcassets in Resources */,
				8AD972A12496A897000A28BA /* Assets.xcassets in Resources */,
			);
			runOnlyForDeploymentPostprocessing = 0;
		};
/* End PBXResourcesBuildPhase section */

/* Begin PBXSourcesBuildPhase section */
		8AD972922496A895000A28BA /* Sources */ = {
			isa = PBXSourcesBuildPhase;
			buildActionMask = 2147483647;
			files = (
				8A52BCCA24B2FCE600F3AAAD /* TreeView.swift in Sources */,
				8A52BCB924B2B9C900F3AAAD /* BranchView.swift in Sources */,
				8A52BCCE24B3036A00F3AAAD /* BlobView.swift in Sources */,
				8AD9729C2496A895000A28BA /* ContentView.swift in Sources */,
				8AD9729F2496A895000A28BA /* Scour.xcdatamodeld in Sources */,
				8A52BCC424B2F4EB00F3AAAD /* ErrorView.swift in Sources */,
				8AD9729A2496A895000A28BA /* AppDelegate.swift in Sources */,
				8A52BCB524B2AE2300F3AAAD /* RepoView.swift in Sources */,
				8A52BCC624B2F62B00F3AAAD /* TitleView.swift in Sources */,
				8A52BCC824B2F97B00F3AAAD /* CommitView.swift in Sources */,
				8A52BCCC24B2FED800F3AAAD /* EntryView.swift in Sources */,
				8A50522B24B5AEAD00C75D3D /* GitView.swift in Sources */,
			);
			runOnlyForDeploymentPostprocessing = 0;
		};
/* End PBXSourcesBuildPhase section */

/* Begin PBXVariantGroup section */
		8AD972A52496A897000A28BA /* Main.storyboard */ = {
			isa = PBXVariantGroup;
			children = (
				8AD972A62496A897000A28BA /* Base */,
			);
			name = Main.storyboard;
			sourceTree = "<group>";
		};
/* End PBXVariantGroup section */

/* Begin XCBuildConfiguration section */
		8AD972AA2496A897000A28BA /* Debug */ = {
			isa = XCBuildConfiguration;
			buildSettings = {
				ALWAYS_SEARCH_USER_PATHS = NO;
				CLANG_ANALYZER_NONNULL = YES;
				CLANG_ANALYZER_NUMBER_OBJECT_CONVERSION = YES_AGGRESSIVE;
				CLANG_CXX_LANGUAGE_STANDARD = "gnu++14";
				CLANG_CXX_LIBRARY = "libc++";
				CLANG_ENABLE_MODULES = YES;
				CLANG_ENABLE_OBJC_ARC = YES;
				CLANG_ENABLE_OBJC_WEAK = YES;
				CLANG_WARN_BLOCK_CAPTURE_AUTORELEASING = YES;
				CLANG_WARN_BOOL_CONVERSION = YES;
				CLANG_WARN_COMMA = YES;
				CLANG_WARN_CONSTANT_CONVERSION = YES;
				CLANG_WARN_DEPRECATED_OBJC_IMPLEMENTATIONS = YES;
				CLANG_WARN_DIRECT_OBJC_ISA_USAGE = YES_ERROR;
				CLANG_WARN_DOCUMENTATION_COMMENTS = YES;
				CLANG_WARN_EMPTY_BODY = YES;
				CLANG_WARN_ENUM_CONVERSION = YES;
				CLANG_WARN_INFINITE_RECURSION = YES;
				CLANG_WARN_INT_CONVERSION = YES;
				CLANG_WARN_NON_LITERAL_NULL_CONVERSION = YES;
				CLANG_WARN_OBJC_IMPLICIT_RETAIN_SELF = YES;
				CLANG_WARN_OBJC_LITERAL_CONVERSION = YES;
				CLANG_WARN_OBJC_ROOT_CLASS = YES_ERROR;
				CLANG_WARN_RANGE_LOOP_ANALYSIS = YES;
				CLANG_WARN_STRICT_PROTOTYPES = YES;
				CLANG_WARN_SUSPICIOUS_MOVE = YES;
				CLANG_WARN_UNGUARDED_AVAILABILITY = YES_AGGRESSIVE;
				CLANG_WARN_UNREACHABLE_CODE = YES;
				CLANG_WARN__DUPLICATE_METHOD_MATCH = YES;
				COPY_PHASE_STRIP = NO;
				DEBUG_INFORMATION_FORMAT = dwarf;
				ENABLE_STRICT_OBJC_MSGSEND = YES;
				ENABLE_TESTABILITY = YES;
				GCC_C_LANGUAGE_STANDARD = gnu11;
				GCC_DYNAMIC_NO_PIC = NO;
				GCC_NO_COMMON_BLOCKS = YES;
				GCC_OPTIMIZATION_LEVEL = 0;
				GCC_PREPROCESSOR_DEFINITIONS = (
					"DEBUG=1",
					"$(inherited)",
				);
				GCC_WARN_64_TO_32_BIT_CONVERSION = YES;
				GCC_WARN_ABOUT_RETURN_TYPE = YES_ERROR;
				GCC_WARN_UNDECLARED_SELECTOR = YES;
				GCC_WARN_UNINITIALIZED_AUTOS = YES_AGGRESSIVE;
				GCC_WARN_UNUSED_FUNCTION = YES;
				GCC_WARN_UNUSED_VARIABLE = YES;
				MACOSX_DEPLOYMENT_TARGET = 10.15;
				MTL_ENABLE_DEBUG_INFO = INCLUDE_SOURCE;
				MTL_FAST_MATH = YES;
				ONLY_ACTIVE_ARCH = YES;
				SDKROOT = macosx;
				SWIFT_ACTIVE_COMPILATION_CONDITIONS = DEBUG;
				SWIFT_OPTIMIZATION_LEVEL = "-Onone";
			};
			name = Debug;
		};
		8AD972AB2496A897000A28BA /* Release */ = {
			isa = XCBuildConfiguration;
			buildSettings = {
				ALWAYS_SEARCH_USER_PATHS = NO;
				CLANG_ANALYZER_NONNULL = YES;
				CLANG_ANALYZER_NUMBER_OBJECT_CONVERSION = YES_AGGRESSIVE;
				CLANG_CXX_LANGUAGE_STANDARD = "gnu++14";
				CLANG_CXX_LIBRARY = "libc++";
				CLANG_ENABLE_MODULES = YES;
				CLANG_ENABLE_OBJC_ARC = YES;
				CLANG_ENABLE_OBJC_WEAK = YES;
				CLANG_WARN_BLOCK_CAPTURE_AUTORELEASING = YES;
				CLANG_WARN_BOOL_CONVERSION = YES;
				CLANG_WARN_COMMA = YES;
				CLANG_WARN_CONSTANT_CONVERSION = YES;
				CLANG_WARN_DEPRECATED_OBJC_IMPLEMENTATIONS = YES;
				CLANG_WARN_DIRECT_OBJC_ISA_USAGE = YES_ERROR;
				CLANG_WARN_DOCUMENTATION_COMMENTS = YES;
				CLANG_WARN_EMPTY_BODY = YES;
				CLANG_WARN_ENUM_CONVERSION = YES;
				CLANG_WARN_INFINITE_RECURSION = YES;
				CLANG_WARN_INT_CONVERSION = YES;
				CLANG_WARN_NON_LITERAL_NULL_CONVERSION = YES;
				CLANG_WARN_OBJC_IMPLICIT_RETAIN_SELF = YES;
				CLANG_WARN_OBJC_LITERAL_CONVERSION = YES;
				CLANG_WARN_OBJC_ROOT_CLASS = YES_ERROR;
				CLANG_WARN_RANGE_LOOP_ANALYSIS = YES;
				CLANG_WARN_STRICT_PROTOTYPES = YES;
				CLANG_WARN_SUSPICIOUS_MOVE = YES;
				CLANG_WARN_UNGUARDED_AVAILABILITY = YES_AGGRESSIVE;
				CLANG_WARN_UNREACHABLE_CODE = YES;
				CLANG_WARN__DUPLICATE_METHOD_MATCH = YES;
				COPY_PHASE_STRIP = NO;
				DEBUG_INFORMATION_FORMAT = "dwarf-with-dsym";
				ENABLE_NS_ASSERTIONS = NO;
				ENABLE_STRICT_OBJC_MSGSEND = YES;
				GCC_C_LANGUAGE_STANDARD = gnu11;
				GCC_NO_COMMON_BLOCKS = YES;
				GCC_WARN_64_TO_32_BIT_CONVERSION = YES;
				GCC_WARN_ABOUT_RETURN_TYPE = YES_ERROR;
				GCC_WARN_UNDECLARED_SELECTOR = YES;
				GCC_WARN_UNINITIALIZED_AUTOS = YES_AGGRESSIVE;
				GCC_WARN_UNUSED_FUNCTION = YES;
				GCC_WARN_UNUSED_VARIABLE = YES;
				MACOSX_DEPLOYMENT_TARGET = 10.15;
				MTL_ENABLE_DEBUG_INFO = NO;
				MTL_FAST_MATH = YES;
				SDKROOT = macosx;
				SWIFT_COMPILATION_MODE = wholemodule;
				SWIFT_OPTIMIZATION_LEVEL = "-O";
			};
			name = Release;
		};
		8AD972AD2496A897000A28BA /* Debug */ = {
			isa = XCBuildConfiguration;
			buildSettings = {
				ASSETCATALOG_COMPILER_APPICON_NAME = AppIcon;
				CODE_SIGN_ENTITLEMENTS = Scour/Scour.entitlements;
				CODE_SIGN_IDENTITY = "-";
				CODE_SIGN_STYLE = Automatic;
				COMBINE_HIDPI_IMAGES = YES;
				DEVELOPMENT_ASSET_PATHS = "\"Scour/Preview Content\"";
				DEVELOPMENT_TEAM = 5T4QSYSNP2;
				ENABLE_HARDENED_RUNTIME = YES;
				ENABLE_PREVIEWS = YES;
				INFOPLIST_FILE = Scour/Info.plist;
				LD_RUNPATH_SEARCH_PATHS = (
					"$(inherited)",
					"@executable_path/../Frameworks",
				);
				MACOSX_DEPLOYMENT_TARGET = 10.15;
				PRODUCT_BUNDLE_IDENTIFIER = dev.thrasher.paul.Scour;
				PRODUCT_NAME = "$(TARGET_NAME)";
				SWIFT_VERSION = 5.0;
			};
			name = Debug;
		};
		8AD972AE2496A897000A28BA /* Release */ = {
			isa = XCBuildConfiguration;
			buildSettings = {
				ASSETCATALOG_COMPILER_APPICON_NAME = AppIcon;
				CODE_SIGN_ENTITLEMENTS = Scour/Scour.entitlements;
				CODE_SIGN_IDENTITY = "-";
				CODE_SIGN_STYLE = Automatic;
				COMBINE_HIDPI_IMAGES = YES;
				DEVELOPMENT_ASSET_PATHS = "\"Scour/Preview Content\"";
				DEVELOPMENT_TEAM = 5T4QSYSNP2;
				ENABLE_HARDENED_RUNTIME = YES;
				ENABLE_PREVIEWS = YES;
				INFOPLIST_FILE = Scour/Info.plist;
				LD_RUNPATH_SEARCH_PATHS = (
					"$(inherited)",
					"@executable_path/../Frameworks",
				);
				MACOSX_DEPLOYMENT_TARGET = 10.15;
				PRODUCT_BUNDLE_IDENTIFIER = dev.thrasher.paul.Scour;
				PRODUCT_NAME = "$(TARGET_NAME)";
				SWIFT_VERSION = 5.0;
			};
			name = Release;
		};
/* End XCBuildConfiguration section */

/* Begin XCConfigurationList section */
		8AD972912496A895000A28BA /* Build configuration list for PBXProject "Scour" */ = {
			isa = XCConfigurationList;
			buildConfigurations = (
				8AD972AA2496A897000A28BA /* Debug */,
				8AD972AB2496A897000A28BA /* Release */,
			);
			defaultConfigurationIsVisible = 0;
			defaultConfigurationName = Release;
		};
		8AD972AC2496A897000A28BA /* Build configuration list for PBXNativeTarget "Scour" */ = {
			isa = XCConfigurationList;
			buildConfigurations = (
				8AD972AD2496A897000A28BA /* Debug */,
				8AD972AE2496A897000A28BA /* Release */,
			);
			defaultConfigurationIsVisible = 0;
			defaultConfigurationName = Release;
		};
/* End XCConfigurationList section */

/* Begin XCVersionGroup section */
		8AD9729D2496A895000A28BA /* Scour.xcdatamodeld */ = {
			isa = XCVersionGroup;
			children = (
				8AD9729E2496A895000A28BA /* Scour.xcdatamodel */,
			);
			currentVersion = 8AD9729E2496A895000A28BA /* Scour.xcdatamodel */;
			path = Scour.xcdatamodeld;
			sourceTree = "<group>";
			versionGroupType = wrapper.xcdatamodel;
		};
/* End XCVersionGroup section */
	};
	rootObject = 8AD9728E2496A895000A28BA /* Project object */;
}
