// !$*UTF8*$!
{
	archiveVersion = 1;
	classes = {
	};
	objectVersion = 50;
	objects = {

/* Begin PBXBuildFile section */
		8AD9729A2496A895000A28BA /* AppDelegate.swift in Sources */ = {isa = PBXBuildFile; fileRef = 8AD972992496A895000A28BA /* AppDelegate.swift */; };
		8AD9729C2496A895000A28BA /* ContentView.swift in Sources */ = {isa = PBXBuildFile; fileRef = 8AD9729B2496A895000A28BA /* ContentView.swift */; };
		8AD9729F2496A895000A28BA /* Scour.xcdatamodeld in Sources */ = {isa = PBXBuildFile; fileRef = 8AD9729D2496A895000A28BA /* Scour.xcdatamodeld */; };
		8AD972A12496A897000A28BA /* Assets.xcassets in Resources */ = {isa = PBXBuildFile; fileRef = 8AD972A02496A897000A28BA /* Assets.xcassets */; };
		8AD972A42496A897000A28BA /* Preview Assets.xcassets in Resources */ = {isa = PBXBuildFile; fileRef = 8AD972A32496A897000A28BA /* Preview Assets.xcassets */; };
		8AD972A72496A897000A28BA /* Main.storyboard in Resources */ = {isa = PBXBuildFile; fileRef = 8AD972A52496A897000A28BA /* Main.storyboard */; };
/* End PBXBuildFile section */

/* Begin PBXFileReference section */
		8AD972962496A895000A28BA /* Scour.app */ = {isa = PBXFileReference; explicitFileType = wrapper.application; includeInIndex = 0; path = Scour.app; sourceTree = BUILT_PRODUCTS_DIR; };
		8AD972992496A895000A28BA /* AppDelegate.swift */ = {isa = PBXFileReference; lastKnownFileType = sourcecode.swift; path = AppDelegate.swift; sourceTree = "<group>"; };
		8AD9729B2496A895000A28BA /* ContentView.swift */ = {isa = PBXFileReference; lastKnownFileType = sourcecode.swift; path = ContentView.swift; sourceTree = "<group>"; };
		8AD9729E2496A895000A28BA /* Scour.xcdatamodel */ = {isa = PBXFileReference; lastKnownFileType = wrapper.xcdatamodel; path = Scour.xcdatamodel; sourceTree = "<group>"; };
		8AD972A02496A897000A28BA /* Assets.xcassets */ = {isa = PBXFileReference; lastKnownFileType = folder.assetcatalog; path = Assets.xcassets; sourceTree = "<group>"; };
		8AD972A32496A897000A28BA /* Preview Assets.xcassets */ = {isa = PBXFileReference; lastKnownFileType = folder.assetcatalog; path = "Preview Assets.xcassets"; sourceTree = "<group>"; };
		8AD972A62496A897000A28BA /* Base */ = {isa = PBXFileReference; lastKnownFileType = file.storyboard; name = Base; path = Base.lproj/Main.storyboard; sourceTree = "<group>"; };
		8AD972A82496A897000A28BA /* Info.plist */ = {isa = PBXFileReference; lastKnownFileType = text.plist.xml; path = Info.plist; sourceTree = "<group>"; };
		8AD972A92496A897000A28BA /* Scour.entitlements */ = {isa = PBXFileReference; lastKnownFileType = text.plist.entitlements; path = Scour.entitlements; sourceTree = "<group>"; };
/* End PBXFileReference section */

/* Begin PBXFrameworksBuildPhase section */
		8AD972932496A895000A28BA /* Frameworks */ = {
			isa = PBXFrameworksBuildPhase;
			buildActionMask = 2147483647;
			files = (
			);
			runOnlyForDeploymentPostprocessing = 0;
		};
/* End PBXFrameworksBuildPhase section */

/* Begin PBXGroup section */
		8AD9728D2496A895000A28BA = {
			isa = PBXGroup;
			children = (
				8AD972982496A895000A28BA /* Scour */,
				8AD972972496A895000A28BA /* Products */,
			);
			sourceTree = "<group>";
		};
		8AD972972496A895000A28BA /* Products */ = {
			isa = PBXGroup;
			children = (
				8AD972962496A895000A28BA /* Scour.app */,
			);
			name = Products;
			sourceTree = "<group>";
		};
		8AD972982496A895000A28BA /* Scour */ = {
			isa = PBXGroup;
			children = (
				8AD972992496A895000A28BA /* AppDelegate.swift */,
				8AD9729B2496A895000A28BA /* ContentView.swift */,
				8AD972A02496A897000A28BA /* Assets.xcassets */,
				8AD972A52496A897000A28BA /* Main.storyboard */,
				8AD972A82496A897000A28BA /* Info.plist */,
				8AD972A92496A897000A28BA /* Scour.entitlements */,
				8AD9729D2496A895000A28BA /* Scour.xcdatamodeld */,
				8AD972A22496A897000A28BA /* Preview Content */,
			);
			path = Scour;
			sourceTree = "<group>";
		};
		8AD972A22496A897000A28BA /* Preview Content */ = {
			isa = PBXGroup;
			children = (
				8AD972A32496A897000A28BA /* Preview Assets.xcassets */,
			);
			path = "Preview Content";
			sourceTree = "<group>";
		};
/* End PBXGroup section */

/* Begin PBXNativeTarget section */
		8AD972952496A895000A28BA /* Scour */ = {
			isa = PBXNativeTarget;
			buildConfigurationList = 8AD972AC2496A897000A28BA /* Build configuration list for PBXNativeTarget "Scour" */;
			buildPhases = (
				8AD972922496A895000A28BA /* Sources */,
				8AD972932496A895000A28BA /* Frameworks */,
				8AD972942496A895000A28BA /* Resources */,
			);
			buildRules = (
			);
			dependencies = (
			);
			name = Scour;
			productName = Scour;
			productReference = 8AD972962496A895000A28BA /* Scour.app */;
			productType = "com.apple.product-type.application";
		};
/* End PBXNativeTarget section */

/* Begin PBXProject section */
		8AD9728E2496A895000A28BA /* Project object */ = {
			isa = PBXProject;
			attributes = {
				LastSwiftUpdateCheck = 1150;
				LastUpgradeCheck = 1150;
				ORGANIZATIONNAME = "Paul Thrasher";
				TargetAttributes = {
					8AD972952496A895000A28BA = {
						CreatedOnToolsVersion = 11.5;
					};
				};
			};
			buildConfigurationList = 8AD972912496A895000A28BA /* Build configuration list for PBXProject "Scour" */;
			compatibilityVersion = "Xcode 9.3";
			developmentRegion = en;
			hasScannedForEncodings = 0;
			knownRegions = (
				en,
				Base,
			);
			mainGroup = 8AD9728D2496A895000A28BA;
			productRefGroup = 8AD972972496A895000A28BA /* Products */;
			projectDirPath = "";
			projectRoot = "";
			targets = (
				8AD972952496A895000A28BA /* Scour */,
			);
		};
/* End PBXProject section */

/* Begin PBXResourcesBuildPhase section */
		8AD972942496A895000A28BA /* Resources */ = {
			isa = PBXResourcesBuildPhase;
			buildActionMask = 2147483647;
			files = (
				8AD972A72496A897000A28BA /* Main.storyboard in Resources */,
				8AD972A42496A897000A28BA /* Preview Assets.xcassets in Resources */,
				8AD972A12496A897000A28BA /* Assets.xcassets in Resources */,
			);
			runOnlyForDeploymentPostprocessing = 0;
		};
/* End PBXResourcesBuildPhase section */

/* Begin PBXSourcesBuildPhase section */
		8AD972922496A895000A28BA /* Sources */ = {
			isa = PBXSourcesBuildPhase;
			buildActionMask = 2147483647;
			files = (
				8AD9729C2496A895000A28BA /* ContentView.swift in Sources */,
				8AD9729F2496A895000A28BA /* Scour.xcdatamodeld in Sources */,
				8AD9729A2496A895000A28BA /* AppDelegate.swift in Sources */,
			);
			runOnlyForDeploymentPostprocessing = 0;
		};
/* End PBXSourcesBuildPhase section */

/* Begin PBXVariantGroup section */
		8AD972A52496A897000A28BA /* Main.storyboard */ = {
			isa = PBXVariantGroup;
			children = (
				8AD972A62496A897000A28BA /* Base */,
			);
			name = Main.storyboard;
			sourceTree = "<group>";
		};
/* End PBXVariantGroup section */

/* Begin XCBuildConfiguration section */
		8AD972AA2496A897000A28BA /* Debug */ = {
			isa = XCBuildConfiguration;
			buildSettings = {
				ALWAYS_SEARCH_USER_PATHS = NO;
				CLANG_ANALYZER_NONNULL = YES;
				CLANG_ANALYZER_NUMBER_OBJECT_CONVERSION = YES_AGGRESSIVE;
				CLANG_CXX_LANGUAGE_STANDARD = "gnu++14";
				CLANG_CXX_LIBRARY = "libc++";
				CLANG_ENABLE_MODULES = YES;
				CLANG_ENABLE_OBJC_ARC = YES;
				CLANG_ENABLE_OBJC_WEAK = YES;
				CLANG_WARN_BLOCK_CAPTURE_AUTORELEASING = YES;
				CLANG_WARN_BOOL_CONVERSION = YES;
				CLANG_WARN_COMMA = YES;
				CLANG_WARN_CONSTANT_CONVERSION = YES;
				CLANG_WARN_DEPRECATED_OBJC_IMPLEMENTATIONS = YES;
				CLANG_WARN_DIRECT_OBJC_ISA_USAGE = YES_ERROR;
				CLANG_WARN_DOCUMENTATION_COMMENTS = YES;
				CLANG_WARN_EMPTY_BODY = YES;
				CLANG_WARN_ENUM_CONVERSION = YES;
				CLANG_WARN_INFINITE_RECURSION = YES;
				CLANG_WARN_INT_CONVERSION = YES;
				CLANG_WARN_NON_LITERAL_NULL_CONVERSION = YES;
				CLANG_WARN_OBJC_IMPLICIT_RETAIN_SELF = YES;
				CLANG_WARN_OBJC_LITERAL_CONVERSION = YES;
				CLANG_WARN_OBJC_ROOT_CLASS = YES_ERROR;
				CLANG_WARN_RANGE_LOOP_ANALYSIS = YES;
				CLANG_WARN_STRICT_PROTOTYPES = YES;
				CLANG_WARN_SUSPICIOUS_MOVE = YES;
				CLANG_WARN_UNGUARDED_AVAILABILITY = YES_AGGRESSIVE;
				CLANG_WARN_UNREACHABLE_CODE = YES;
				CLANG_WARN__DUPLICATE_METHOD_MATCH = YES;
				COPY_PHASE_STRIP = NO;
				DEBUG_INFORMATION_FORMAT = dwarf;
				ENABLE_STRICT_OBJC_MSGSEND = YES;
				ENABLE_TESTABILITY = YES;
				GCC_C_LANGUAGE_STANDARD = gnu11;
				GCC_DYNAMIC_NO_PIC = NO;
				GCC_NO_COMMON_BLOCKS = YES;
				GCC_OPTIMIZATION_LEVEL = 0;
				GCC_PREPROCESSOR_DEFINITIONS = (
					"DEBUG=1",
					"$(inherited)",
				);
				GCC_WARN_64_TO_32_BIT_CONVERSION = YES;
				GCC_WARN_ABOUT_RETURN_TYPE = YES_ERROR;
				GCC_WARN_UNDECLARED_SELECTOR = YES;
				GCC_WARN_UNINITIALIZED_AUTOS = YES_AGGRESSIVE;
				GCC_WARN_UNUSED_FUNCTION = YES;
				GCC_WARN_UNUSED_VARIABLE = YES;
				MACOSX_DEPLOYMENT_TARGET = 10.15;
				MTL_ENABLE_DEBUG_INFO = INCLUDE_SOURCE;
				MTL_FAST_MATH = YES;
				ONLY_ACTIVE_ARCH = YES;
				SDKROOT = macosx;
				SWIFT_ACTIVE_COMPILATION_CONDITIONS = DEBUG;
				SWIFT_OPTIMIZATION_LEVEL = "-Onone";
			};
			name = Debug;
		};
		8AD972AB2496A897000A28BA /* Release */ = {
			isa = XCBuildConfiguration;
			buildSettings = {
				ALWAYS_SEARCH_USER_PATHS = NO;
				CLANG_ANALYZER_NONNULL = YES;
				CLANG_ANALYZER_NUMBER_OBJECT_CONVERSION = YES_AGGRESSIVE;
				CLANG_CXX_LANGUAGE_STANDARD = "gnu++14";
				CLANG_CXX_LIBRARY = "libc++";
				CLANG_ENABLE_MODULES = YES;
				CLANG_ENABLE_OBJC_ARC = YES;
				CLANG_ENABLE_OBJC_WEAK = YES;
				CLANG_WARN_BLOCK_CAPTURE_AUTORELEASING = YES;
				CLANG_WARN_BOOL_CONVERSION = YES;
				CLANG_WARN_COMMA = YES;
				CLANG_WARN_CONSTANT_CONVERSION = YES;
				CLANG_WARN_DEPRECATED_OBJC_IMPLEMENTATIONS = YES;
				CLANG_WARN_DIRECT_OBJC_ISA_USAGE = YES_ERROR;
				CLANG_WARN_DOCUMENTATION_COMMENTS = YES;
				CLANG_WARN_EMPTY_BODY = YES;
				CLANG_WARN_ENUM_CONVERSION = YES;
				CLANG_WARN_INFINITE_RECURSION = YES;
				CLANG_WARN_INT_CONVERSION = YES;
				CLANG_WARN_NON_LITERAL_NULL_CONVERSION = YES;
				CLANG_WARN_OBJC_IMPLICIT_RETAIN_SELF = YES;
				CLANG_WARN_OBJC_LITERAL_CONVERSION = YES;
				CLANG_WARN_OBJC_ROOT_CLASS = YES_ERROR;
				CLANG_WARN_RANGE_LOOP_ANALYSIS = YES;
				CLANG_WARN_STRICT_PROTOTYPES = YES;
				CLANG_WARN_SUSPICIOUS_MOVE = YES;
				CLANG_WARN_UNGUARDED_AVAILABILITY = YES_AGGRESSIVE;
				CLANG_WARN_UNREACHABLE_CODE = YES;
				CLANG_WARN__DUPLICATE_METHOD_MATCH = YES;
				COPY_PHASE_STRIP = NO;
				DEBUG_INFORMATION_FORMAT = "dwarf-with-dsym";
				ENABLE_NS_ASSERTIONS = NO;
				ENABLE_STRICT_OBJC_MSGSEND = YES;
				GCC_C_LANGUAGE_STANDARD = gnu11;
				GCC_NO_COMMON_BLOCKS = YES;
				GCC_WARN_64_TO_32_BIT_CONVERSION = YES;
				GCC_WARN_ABOUT_RETURN_TYPE = YES_ERROR;
				GCC_WARN_UNDECLARED_SELECTOR = YES;
				GCC_WARN_UNINITIALIZED_AUTOS = YES_AGGRESSIVE;
				GCC_WARN_UNUSED_FUNCTION = YES;
				GCC_WARN_UNUSED_VARIABLE = YES;
				MACOSX_DEPLOYMENT_TARGET = 10.15;
				MTL_ENABLE_DEBUG_INFO = NO;
				MTL_FAST_MATH = YES;
				SDKROOT = macosx;
				SWIFT_COMPILATION_MODE = wholemodule;
				SWIFT_OPTIMIZATION_LEVEL = "-O";
			};
			name = Release;
		};
		8AD972AD2496A897000A28BA /* Debug */ = {
			isa = XCBuildConfiguration;
			buildSettings = {
				ASSETCATALOG_COMPILER_APPICON_NAME = AppIcon;
				CODE_SIGN_ENTITLEMENTS = Scour/Scour.entitlements;
				CODE_SIGN_STYLE = Automatic;
				COMBINE_HIDPI_IMAGES = YES;
				DEVELOPMENT_ASSET_PATHS = "\"Scour/Preview Content\"";
				DEVELOPMENT_TEAM = 5T4QSYSNP2;
				ENABLE_HARDENED_RUNTIME = YES;
				ENABLE_PREVIEWS = YES;
				INFOPLIST_FILE = Scour/Info.plist;
				LD_RUNPATH_SEARCH_PATHS = (
					"$(inherited)",
					"@executable_path/../Frameworks",
				);
				MACOSX_DEPLOYMENT_TARGET = 10.15;
				PRODUCT_BUNDLE_IDENTIFIER = dev.thrasher.paul.Scour;
				PRODUCT_NAME = "$(TARGET_NAME)";
				SWIFT_VERSION = 5.0;
			};
			name = Debug;
		};
		8AD972AE2496A897000A28BA /* Release */ = {
			isa = XCBuildConfiguration;
			buildSettings = {
				ASSETCATALOG_COMPILER_APPICON_NAME = AppIcon;
				CODE_SIGN_ENTITLEMENTS = Scour/Scour.entitlements;
				CODE_SIGN_STYLE = Automatic;
				COMBINE_HIDPI_IMAGES = YES;
				DEVELOPMENT_ASSET_PATHS = "\"Scour/Preview Content\"";
				DEVELOPMENT_TEAM = 5T4QSYSNP2;
				ENABLE_HARDENED_RUNTIME = YES;
				ENABLE_PREVIEWS = YES;
				INFOPLIST_FILE = Scour/Info.plist;
				LD_RUNPATH_SEARCH_PATHS = (
					"$(inherited)",
					"@executable_path/../Frameworks",
				);
				MACOSX_DEPLOYMENT_TARGET = 10.15;
				PRODUCT_BUNDLE_IDENTIFIER = dev.thrasher.paul.Scour;
				PRODUCT_NAME = "$(TARGET_NAME)";
				SWIFT_VERSION = 5.0;
			};
			name = Release;
		};
/* End XCBuildConfiguration section */

/* Begin XCConfigurationList section */
		8AD972912496A895000A28BA /* Build configuration list for PBXProject "Scour" */ = {
			isa = XCConfigurationList;
			buildConfigurations = (
				8AD972AA2496A897000A28BA /* Debug */,
				8AD972AB2496A897000A28BA /* Release */,
			);
			defaultConfigurationIsVisible = 0;
			defaultConfigurationName = Release;
		};
		8AD972AC2496A897000A28BA /* Build configuration list for PBXNativeTarget "Scour" */ = {
			isa = XCConfigurationList;
			buildConfigurations = (
				8AD972AD2496A897000A28BA /* Debug */,
				8AD972AE2496A897000A28BA /* Release */,
			);
			defaultConfigurationIsVisible = 0;
			defaultConfigurationName = Release;
		};
/* End XCConfigurationList section */

/* Begin XCVersionGroup section */
		8AD9729D2496A895000A28BA /* Scour.xcdatamodeld */ = {
			isa = XCVersionGroup;
			children = (
				8AD9729E2496A895000A28BA /* Scour.xcdatamodel */,
			);
			currentVersion = 8AD9729E2496A895000A28BA /* Scour.xcdatamodel */;
			path = Scour.xcdatamodeld;
			sourceTree = "<group>";
			versionGroupType = wrapper.xcdatamodel;
		};
/* End XCVersionGroup section */
	};
	rootObject = 8AD9728E2496A895000A28BA /* Project object */;
}
